
Microsoft Visual Studio Solution File, Format Version 12.00
# Visual Studio Version 17
VisualStudioVersion = 17.4.33122.133
MinimumVisualStudioVersion = 10.0.40219.1
Project("{FAE04EC0-301F-11D3-BF4B-00C04F79EFBC}") = "DILab", "DILab\DILab.csproj", "{F90CE62B-B797-4F49-9565-C72CD55A63C5}"
EndProject
Global
	GlobalSection(SolutionConfigurationPlatforms) = preSolution
		Debug|Any CPU = Debug|Any CPU
		Release|Any CPU = Release|Any CPU
	EndGlobalSection
	GlobalSection(ProjectConfigurationPlatforms) = postSolution
		{F90CE62B-B797-4F49-9565-C72CD55A63C5}.Debug|Any CPU.ActiveCfg = Debug|Any CPU
		{F90CE62B-B797-4F49-9565-C72CD55A63C5}.Debug|Any CPU.Build.0 = Debug|Any CPU
		{F90CE62B-B797-4F49-9565-C72CD55A63C5}.Release|Any CPU.ActiveCfg = Release|Any CPU
		{F90CE62B-B797-4F49-9565-C72CD55A63C5}.Release|Any CPU.Build.0 = Release|Any CPU
	EndGlobalSection
	GlobalSection(SolutionProperties) = preSolution
		HideSolutionNode = FALSE
	EndGlobalSection
	GlobalSection(ExtensibilityGlobals) = postSolution
		SolutionGuid = {5CC2B39D-56DE-42D1-9B45-35D4EAFE1962}
	EndGlobalSection
EndGlobal
